
Microsoft Visual Studio Solution File, Format Version 12.00
# Visual Studio 15
VisualStudioVersion = 15.0.27004.2009
MinimumVisualStudioVersion = 10.0.40219.1
Project("{FAE04EC0-301F-11D3-BF4B-00C04F79EFBC}") = "PengusulanPensiun", "PengusulanPensiun\PengusulanPensiun.csproj", "{ABDEA5F5-10F4-4E86-855B-226C15191E9E}"
EndProject
Global
	GlobalSection(SolutionConfigurationPlatforms) = preSolution
		Debug|Any CPU = Debug|Any CPU
		Release|Any CPU = Release|Any CPU
	EndGlobalSection
	GlobalSection(ProjectConfigurationPlatforms) = postSolution
		{ABDEA5F5-10F4-4E86-855B-226C15191E9E}.Debug|Any CPU.ActiveCfg = Debug|Any CPU
		{ABDEA5F5-10F4-4E86-855B-226C15191E9E}.Debug|Any CPU.Build.0 = Debug|Any CPU
		{ABDEA5F5-10F4-4E86-855B-226C15191E9E}.Release|Any CPU.ActiveCfg = Release|Any CPU
		{ABDEA5F5-10F4-4E86-855B-226C15191E9E}.Release|Any CPU.Build.0 = Release|Any CPU
	EndGlobalSection
	GlobalSection(SolutionProperties) = preSolution
		HideSolutionNode = FALSE
	EndGlobalSection
	GlobalSection(ExtensibilityGlobals) = postSolution
		SolutionGuid = {C613CE95-770B-4E80-9A01-3FA0AF9E03C2}
	EndGlobalSection
EndGlobal
